
Microsoft Visual Studio Solution File, Format Version 12.00
# Visual Studio Version 16
VisualStudioVersion = 16.0.30804.86
MinimumVisualStudioVersion = 10.0.40219.1
Project("{FAE04EC0-301F-11D3-BF4B-00C04F79EFBC}") = "GrpcMyExampleServer", "GrpcMyExampleServer\GrpcMyExampleServer.csproj", "{500171A0-DF05-426A-A64D-5C09EBF2F382}"
EndProject
Global
	GlobalSection(SolutionConfigurationPlatforms) = preSolution
		Debug|Any CPU = Debug|Any CPU
		Release|Any CPU = Release|Any CPU
	EndGlobalSection
	GlobalSection(ProjectConfigurationPlatforms) = postSolution
		{500171A0-DF05-426A-A64D-5C09EBF2F382}.Debug|Any CPU.ActiveCfg = Debug|Any CPU
		{500171A0-DF05-426A-A64D-5C09EBF2F382}.Debug|Any CPU.Build.0 = Debug|Any CPU
		{500171A0-DF05-426A-A64D-5C09EBF2F382}.Release|Any CPU.ActiveCfg = Release|Any CPU
		{500171A0-DF05-426A-A64D-5C09EBF2F382}.Release|Any CPU.Build.0 = Release|Any CPU
	EndGlobalSection
	GlobalSection(SolutionProperties) = preSolution
		HideSolutionNode = FALSE
	EndGlobalSection
	GlobalSection(ExtensibilityGlobals) = postSolution
		SolutionGuid = {C216536C-CEB7-45A7-A10C-82CD55B661C4}
	EndGlobalSection
EndGlobal
